
Microsoft Visual Studio Solution File, Format Version 12.00
# Visual Studio Version 16
VisualStudioVersion = 16.0.30711.63
MinimumVisualStudioVersion = 10.0.40219.1
Project("{9A19103F-16F7-4668-BE54-9A1E7A4F7556}") = "DeckOfCardsProject", "DeckOfCardsProject.csproj", "{54AADC2C-4C74-4A9A-A5F9-A5F5C9FE005D}"
EndProject
Project("{9A19103F-16F7-4668-BE54-9A1E7A4F7556}") = "DeckOfCardProjectTests", "..\DeckOfCardProjectTests\DeckOfCardProjectTests.csproj", "{F7AFF733-2E06-4B02-837F-7E7264EB2565}"
EndProject
Global
	GlobalSection(SolutionConfigurationPlatforms) = preSolution
		Debug|Any CPU = Debug|Any CPU
		Release|Any CPU = Release|Any CPU
	EndGlobalSection
	GlobalSection(ProjectConfigurationPlatforms) = postSolution
		{54AADC2C-4C74-4A9A-A5F9-A5F5C9FE005D}.Debug|Any CPU.ActiveCfg = Debug|Any CPU
		{54AADC2C-4C74-4A9A-A5F9-A5F5C9FE005D}.Debug|Any CPU.Build.0 = Debug|Any CPU
		{54AADC2C-4C74-4A9A-A5F9-A5F5C9FE005D}.Release|Any CPU.ActiveCfg = Release|Any CPU
		{54AADC2C-4C74-4A9A-A5F9-A5F5C9FE005D}.Release|Any CPU.Build.0 = Release|Any CPU
		{F7AFF733-2E06-4B02-837F-7E7264EB2565}.Debug|Any CPU.ActiveCfg = Debug|Any CPU
		{F7AFF733-2E06-4B02-837F-7E7264EB2565}.Debug|Any CPU.Build.0 = Debug|Any CPU
		{F7AFF733-2E06-4B02-837F-7E7264EB2565}.Release|Any CPU.ActiveCfg = Release|Any CPU
		{F7AFF733-2E06-4B02-837F-7E7264EB2565}.Release|Any CPU.Build.0 = Release|Any CPU
	EndGlobalSection
	GlobalSection(SolutionProperties) = preSolution
		HideSolutionNode = FALSE
	EndGlobalSection
	GlobalSection(ExtensibilityGlobals) = postSolution
		SolutionGuid = {AD104F1C-FECD-436F-B70C-C69B027F6D08}
	EndGlobalSection
EndGlobal
